
Microsoft Visual Studio Solution File, Format Version 12.00
# Visual Studio Version 17
VisualStudioVersion = 17.4.33110.190
MinimumVisualStudioVersion = 10.0.40219.1
Project("{FAE04EC0-301F-11D3-BF4B-00C04F79EFBC}") = "ZapProject", "ZapProject\ZapProject.csproj", "{42EB8FE2-F141-40C1-9ABC-DA6B5F2C97D6}"
EndProject
Global
	GlobalSection(SolutionConfigurationPlatforms) = preSolution
		Debug|Any CPU = Debug|Any CPU
		Release|Any CPU = Release|Any CPU
	EndGlobalSection
	GlobalSection(ProjectConfigurationPlatforms) = postSolution
		{42EB8FE2-F141-40C1-9ABC-DA6B5F2C97D6}.Debug|Any CPU.ActiveCfg = Debug|Any CPU
		{42EB8FE2-F141-40C1-9ABC-DA6B5F2C97D6}.Debug|Any CPU.Build.0 = Debug|Any CPU
		{42EB8FE2-F141-40C1-9ABC-DA6B5F2C97D6}.Release|Any CPU.ActiveCfg = Release|Any CPU
		{42EB8FE2-F141-40C1-9ABC-DA6B5F2C97D6}.Release|Any CPU.Build.0 = Release|Any CPU
	EndGlobalSection
	GlobalSection(SolutionProperties) = preSolution
		HideSolutionNode = FALSE
	EndGlobalSection
	GlobalSection(ExtensibilityGlobals) = postSolution
		SolutionGuid = {F356995F-F053-4648-8F05-E829C173DE1C}
	EndGlobalSection
EndGlobal
